// !$*UTF8*$!
{
	archiveVersion = 1;
	classes = {
	};
	objectVersion = 48;
	objects = {

/* Begin PBXBuildFile section */
		91ED36561F2780F80023474C /* AppDelegate.swift in Sources */ = {isa = PBXBuildFile; fileRef = 91ED36551F2780F80023474C /* AppDelegate.swift */; };
		91ED36581F2780F80023474C /* ViewController.swift in Sources */ = {isa = PBXBuildFile; fileRef = 91ED36571F2780F80023474C /* ViewController.swift */; };
		91ED365B1F2780F80023474C /* Main.storyboard in Resources */ = {isa = PBXBuildFile; fileRef = 91ED36591F2780F80023474C /* Main.storyboard */; };
		91ED365D1F2780F80023474C /* Assets.xcassets in Resources */ = {isa = PBXBuildFile; fileRef = 91ED365C1F2780F80023474C /* Assets.xcassets */; };
		91ED36601F2780F80023474C /* LaunchScreen.storyboard in Resources */ = {isa = PBXBuildFile; fileRef = 91ED365E1F2780F80023474C /* LaunchScreen.storyboard */; };
		91ED366A1F2781DF0023474C /* hustle-on.wav in Resources */ = {isa = PBXBuildFile; fileRef = 91ED36691F2781DF0023474C /* hustle-on.wav */; };
/* End PBXBuildFile section */

/* Begin PBXFileReference section */
		91ED36521F2780F80023474C /* hustle-mode.app */ = {isa = PBXFileReference; explicitFileType = wrapper.application; includeInIndex = 0; path = "hustle-mode.app"; sourceTree = BUILT_PRODUCTS_DIR; };
		91ED36551F2780F80023474C /* AppDelegate.swift */ = {isa = PBXFileReference; lastKnownFileType = sourcecode.swift; path = AppDelegate.swift; sourceTree = "<group>"; };
		91ED36571F2780F80023474C /* ViewController.swift */ = {isa = PBXFileReference; lastKnownFileType = sourcecode.swift; path = ViewController.swift; sourceTree = "<group>"; };
		91ED365A1F2780F80023474C /* Base */ = {isa = PBXFileReference; lastKnownFileType = file.storyboard; name = Base; path = Base.lproj/Main.storyboard; sourceTree = "<group>"; };
		91ED365C1F2780F80023474C /* Assets.xcassets */ = {isa = PBXFileReference; lastKnownFileType = folder.assetcatalog; path = Assets.xcassets; sourceTree = "<group>"; };
		91ED365F1F2780F80023474C /* Base */ = {isa = PBXFileReference; lastKnownFileType = file.storyboard; name = Base; path = Base.lproj/LaunchScreen.storyboard; sourceTree = "<group>"; };
		91ED36611F2780F80023474C /* Info.plist */ = {isa = PBXFileReference; lastKnownFileType = text.plist.xml; path = Info.plist; sourceTree = "<group>"; };
		91ED36691F2781DF0023474C /* hustle-on.wav */ = {isa = PBXFileReference; lastKnownFileType = audio.wav; name = "hustle-on.wav"; path = "../../hustle-mode-code-assets/assets/Assets/hustle-on.wav"; sourceTree = "<group>"; };
/* End PBXFileReference section */

/* Begin PBXFrameworksBuildPhase section */
		91ED364F1F2780F80023474C /* Frameworks */ = {
			isa = PBXFrameworksBuildPhase;
			buildActionMask = 2147483647;
			files = (
			);
			runOnlyForDeploymentPostprocessing = 0;
		};
/* End PBXFrameworksBuildPhase section */

/* Begin PBXGroup section */
		91ED36491F2780F80023474C = {
			isa = PBXGroup;
			children = (
				91ED36541F2780F80023474C /* hustle-mode */,
				91ED36531F2780F80023474C /* Products */,
			);
			sourceTree = "<group>";
		};
		91ED36531F2780F80023474C /* Products */ = {
			isa = PBXGroup;
			children = (
				91ED36521F2780F80023474C /* hustle-mode.app */,
			);
			name = Products;
			sourceTree = "<group>";
		};
		91ED36541F2780F80023474C /* hustle-mode */ = {
			isa = PBXGroup;
			children = (
				91ED36691F2781DF0023474C /* hustle-on.wav */,
				91ED36551F2780F80023474C /* AppDelegate.swift */,
				91ED36571F2780F80023474C /* ViewController.swift */,
				91ED36591F2780F80023474C /* Main.storyboard */,
				91ED365C1F2780F80023474C /* Assets.xcassets */,
				91ED365E1F2780F80023474C /* LaunchScreen.storyboard */,
				91ED36611F2780F80023474C /* Info.plist */,
			);
			path = "hustle-mode";
			sourceTree = "<group>";
		};
/* End PBXGroup section */

/* Begin PBXNativeTarget section */
		91ED36511F2780F80023474C /* hustle-mode */ = {
			isa = PBXNativeTarget;
			buildConfigurationList = 91ED36641F2780F80023474C /* Build configuration list for PBXNativeTarget "hustle-mode" */;
			buildPhases = (
				91ED364E1F2780F80023474C /* Sources */,
				91ED364F1F2780F80023474C /* Frameworks */,
				91ED36501F2780F80023474C /* Resources */,
			);
			buildRules = (
			);
			dependencies = (
			);
			name = "hustle-mode";
			productName = "hustle-mode";
			productReference = 91ED36521F2780F80023474C /* hustle-mode.app */;
			productType = "com.apple.product-type.application";
		};
/* End PBXNativeTarget section */

/* Begin PBXProject section */
		91ED364A1F2780F80023474C /* Project object */ = {
			isa = PBXProject;
			attributes = {
				LastSwiftUpdateCheck = 0900;
				LastUpgradeCheck = 0900;
				ORGANIZATIONNAME = "David Lee";
				TargetAttributes = {
					91ED36511F2780F80023474C = {
						CreatedOnToolsVersion = 9.0;
					};
				};
			};
			buildConfigurationList = 91ED364D1F2780F80023474C /* Build configuration list for PBXProject "hustle-mode" */;
			compatibilityVersion = "Xcode 8.0";
			developmentRegion = en;
			hasScannedForEncodings = 0;
			knownRegions = (
				en,
				Base,
			);
			mainGroup = 91ED36491F2780F80023474C;
			productRefGroup = 91ED36531F2780F80023474C /* Products */;
			projectDirPath = "";
			projectRoot = "";
			targets = (
				91ED36511F2780F80023474C /* hustle-mode */,
			);
		};
/* End PBXProject section */

/* Begin PBXResourcesBuildPhase section */
		91ED36501F2780F80023474C /* Resources */ = {
			isa = PBXResourcesBuildPhase;
			buildActionMask = 2147483647;
			files = (
				91ED366A1F2781DF0023474C /* hustle-on.wav in Resources */,
				91ED36601F2780F80023474C /* LaunchScreen.storyboard in Resources */,
				91ED365D1F2780F80023474C /* Assets.xcassets in Resources */,
				91ED365B1F2780F80023474C /* Main.storyboard in Resources */,
			);
			runOnlyForDeploymentPostprocessing = 0;
		};
/* End PBXResourcesBuildPhase section */

/* Begin PBXSourcesBuildPhase section */
		91ED364E1F2780F80023474C /* Sources */ = {
			isa = PBXSourcesBuildPhase;
			buildActionMask = 2147483647;
			files = (
				91ED36581F2780F80023474C /* ViewController.swift in Sources */,
				91ED36561F2780F80023474C /* AppDelegate.swift in Sources */,
			);
			runOnlyForDeploymentPostprocessing = 0;
		};
/* End PBXSourcesBuildPhase section */

/* Begin PBXVariantGroup section */
		91ED36591F2780F80023474C /* Main.storyboard */ = {
			isa = PBXVariantGroup;
			children = (
				91ED365A1F2780F80023474C /* Base */,
			);
			name = Main.storyboard;
			sourceTree = "<group>";
		};
		91ED365E1F2780F80023474C /* LaunchScreen.storyboard */ = {
			isa = PBXVariantGroup;
			children = (
				91ED365F1F2780F80023474C /* Base */,
			);
			name = LaunchScreen.storyboard;
			sourceTree = "<group>";
		};
/* End PBXVariantGroup section */

/* Begin XCBuildConfiguration section */
		91ED36621F2780F80023474C /* Debug */ = {
			isa = XCBuildConfiguration;
			buildSettings = {
				ALWAYS_SEARCH_USER_PATHS = NO;
				CLANG_ANALYZER_NONNULL = YES;
				CLANG_ANALYZER_NUMBER_OBJECT_CONVERSION = YES_AGGRESSIVE;
				CLANG_CXX_LANGUAGE_STANDARD = "gnu++14";
				CLANG_CXX_LIBRARY = "libc++";
				CLANG_ENABLE_MODULES = YES;
				CLANG_ENABLE_OBJC_ARC = YES;
				CLANG_WARN_BLOCK_CAPTURE_AUTORELEASING = YES;
				CLANG_WARN_BOOL_CONVERSION = YES;
				CLANG_WARN_COMMA = YES;
				CLANG_WARN_CONSTANT_CONVERSION = YES;
				CLANG_WARN_DIRECT_OBJC_ISA_USAGE = YES_ERROR;
				CLANG_WARN_DOCUMENTATION_COMMENTS = YES;
				CLANG_WARN_EMPTY_BODY = YES;
				CLANG_WARN_ENUM_CONVERSION = YES;
				CLANG_WARN_INFINITE_RECURSION = YES;
				CLANG_WARN_INT_CONVERSION = YES;
				CLANG_WARN_NON_LITERAL_NULL_CONVERSION = YES;
				CLANG_WARN_OBJC_LITERAL_CONVERSION = YES;
				CLANG_WARN_OBJC_ROOT_CLASS = YES_ERROR;
				CLANG_WARN_RANGE_LOOP_ANALYSIS = YES;
				CLANG_WARN_STRICT_PROTOTYPES = YES;
				CLANG_WARN_SUSPICIOUS_MOVE = YES;
				CLANG_WARN_UNGUARDED_AVAILABILITY = YES_AGGRESSIVE;
				CLANG_WARN_UNREACHABLE_CODE = YES;
				CLANG_WARN__DUPLICATE_METHOD_MATCH = YES;
				CODE_SIGN_IDENTITY = "iPhone Developer";
				COPY_PHASE_STRIP = NO;
				DEBUG_INFORMATION_FORMAT = dwarf;
				ENABLE_STRICT_OBJC_MSGSEND = YES;
				ENABLE_TESTABILITY = YES;
				GCC_C_LANGUAGE_STANDARD = gnu11;
				GCC_DYNAMIC_NO_PIC = NO;
				GCC_NO_COMMON_BLOCKS = YES;
				GCC_OPTIMIZATION_LEVEL = 0;
				GCC_PREPROCESSOR_DEFINITIONS = (
					"DEBUG=1",
					"$(inherited)",
				);
				GCC_WARN_64_TO_32_BIT_CONVERSION = YES;
				GCC_WARN_ABOUT_RETURN_TYPE = YES_ERROR;
				GCC_WARN_UNDECLARED_SELECTOR = YES;
				GCC_WARN_UNINITIALIZED_AUTOS = YES_AGGRESSIVE;
				GCC_WARN_UNUSED_FUNCTION = YES;
				GCC_WARN_UNUSED_VARIABLE = YES;
				IPHONEOS_DEPLOYMENT_TARGET = 11.0;
				MTL_ENABLE_DEBUG_INFO = YES;
				ONLY_ACTIVE_ARCH = YES;
				SDKROOT = iphoneos;
				SWIFT_ACTIVE_COMPILATION_CONDITIONS = DEBUG;
				SWIFT_OPTIMIZATION_LEVEL = "-Onone";
			};
			name = Debug;
		};
		91ED36631F2780F80023474C /* Release */ = {
			isa = XCBuildConfiguration;
			buildSettings = {
				ALWAYS_SEARCH_USER_PATHS = NO;
				CLANG_ANALYZER_NONNULL = YES;
				CLANG_ANALYZER_NUMBER_OBJECT_CONVERSION = YES_AGGRESSIVE;
				CLANG_CXX_LANGUAGE_STANDARD = "gnu++14";
				CLANG_CXX_LIBRARY = "libc++";
				CLANG_ENABLE_MODULES = YES;
				CLANG_ENABLE_OBJC_ARC = YES;
				CLANG_WARN_BLOCK_CAPTURE_AUTORELEASING = YES;
				CLANG_WARN_BOOL_CONVERSION = YES;
				CLANG_WARN_COMMA = YES;
				CLANG_WARN_CONSTANT_CONVERSION = YES;
				CLANG_WARN_DIRECT_OBJC_ISA_USAGE = YES_ERROR;
				CLANG_WARN_DOCUMENTATION_COMMENTS = YES;
				CLANG_WARN_EMPTY_BODY = YES;
				CLANG_WARN_ENUM_CONVERSION = YES;
				CLANG_WARN_INFINITE_RECURSION = YES;
				CLANG_WARN_INT_CONVERSION = YES;
				CLANG_WARN_NON_LITERAL_NULL_CONVERSION = YES;
				CLANG_WARN_OBJC_LITERAL_CONVERSION = YES;
				CLANG_WARN_OBJC_ROOT_CLASS = YES_ERROR;
				CLANG_WARN_RANGE_LOOP_ANALYSIS = YES;
				CLANG_WARN_STRICT_PROTOTYPES = YES;
				CLANG_WARN_SUSPICIOUS_MOVE = YES;
				CLANG_WARN_UNGUARDED_AVAILABILITY = YES_AGGRESSIVE;
				CLANG_WARN_UNREACHABLE_CODE = YES;
				CLANG_WARN__DUPLICATE_METHOD_MATCH = YES;
				CODE_SIGN_IDENTITY = "iPhone Developer";
				COPY_PHASE_STRIP = NO;
				DEBUG_INFORMATION_FORMAT = "dwarf-with-dsym";
				ENABLE_NS_ASSERTIONS = NO;
				ENABLE_STRICT_OBJC_MSGSEND = YES;
				GCC_C_LANGUAGE_STANDARD = gnu11;
				GCC_NO_COMMON_BLOCKS = YES;
				GCC_WARN_64_TO_32_BIT_CONVERSION = YES;
				GCC_WARN_ABOUT_RETURN_TYPE = YES_ERROR;
				GCC_WARN_UNDECLARED_SELECTOR = YES;
				GCC_WARN_UNINITIALIZED_AUTOS = YES_AGGRESSIVE;
				GCC_WARN_UNUSED_FUNCTION = YES;
				GCC_WARN_UNUSED_VARIABLE = YES;
				IPHONEOS_DEPLOYMENT_TARGET = 11.0;
				MTL_ENABLE_DEBUG_INFO = NO;
				SDKROOT = iphoneos;
				SWIFT_OPTIMIZATION_LEVEL = "-Owholemodule";
				VALIDATE_PRODUCT = YES;
			};
			name = Release;
		};
		91ED36651F2780F80023474C /* Debug */ = {
			isa = XCBuildConfiguration;
			buildSettings = {
				ASSETCATALOG_COMPILER_APPICON_NAME = AppIcon;
				INFOPLIST_FILE = "hustle-mode/Info.plist";
				LD_RUNPATH_SEARCH_PATHS = "$(inherited) @executable_path/Frameworks";
				PRODUCT_BUNDLE_IDENTIFIER = "com.davidhlee.hustle-mode";
				PRODUCT_NAME = "$(TARGET_NAME)";
				SWIFT_VERSION = 4.0;
				TARGETED_DEVICE_FAMILY = "1,2";
			};
			name = Debug;
		};
		91ED36661F2780F80023474C /* Release */ = {
			isa = XCBuildConfiguration;
			buildSettings = {
				ASSETCATALOG_COMPILER_APPICON_NAME = AppIcon;
				INFOPLIST_FILE = "hustle-mode/Info.plist";
				LD_RUNPATH_SEARCH_PATHS = "$(inherited) @executable_path/Frameworks";
				PRODUCT_BUNDLE_IDENTIFIER = "com.davidhlee.hustle-mode";
				PRODUCT_NAME = "$(TARGET_NAME)";
				SWIFT_VERSION = 4.0;
				TARGETED_DEVICE_FAMILY = "1,2";
			};
			name = Release;
		};
/* End XCBuildConfiguration section */

/* Begin XCConfigurationList section */
		91ED364D1F2780F80023474C /* Build configuration list for PBXProject "hustle-mode" */ = {
			isa = XCConfigurationList;
			buildConfigurations = (
				91ED36621F2780F80023474C /* Debug */,
				91ED36631F2780F80023474C /* Release */,
			);
			defaultConfigurationIsVisible = 0;
			defaultConfigurationName = Release;
		};
		91ED36641F2780F80023474C /* Build configuration list for PBXNativeTarget "hustle-mode" */ = {
			isa = XCConfigurationList;
			buildConfigurations = (
				91ED36651F2780F80023474C /* Debug */,
				91ED36661F2780F80023474C /* Release */,
			);
			defaultConfigurationIsVisible = 0;
		};
/* End XCConfigurationList section */
	};
	rootObject = 91ED364A1F2780F80023474C /* Project object */;
}
